<?xml version="1.0" encoding="utf-8"?>
<Project ToolsVersion="4.0" xmlns="http://schemas.microsoft.com/developer/msbuild/2003">
  <ItemGroup>
    <Filter Include="Sources">
      <UniqueIdentifier>{8b7ed093-66ce-4096-96d2-fbb9faa4bf52}</UniqueIdentifier>
    </Filter>
    <Filter Include="Sources\Modules">
      <UniqueIdentifier>{7b418be2-1631-4a31-9ef2-8a8b234a7339}</UniqueIdentifier>
    </Filter>
    <Filter Include="Sources\Containers">
      <UniqueIdentifier>{afc36133-f401-499a-aa33-0da1e500fb52}</UniqueIdentifier>
    </Filter>
    <Filter Include="Sources\Tools">
      <UniqueIdentifier>{7e4dfaf7-022c-4f7d-92aa-f3b3fa9d6248}</UniqueIdentifier>
    </Filter>
    <Filter Include="Sources\Helpers">
      <UniqueIdentifier>{121f8e6b-df36-4ab0-be0d-601ddfc9e503}</UniqueIdentifier>
    </Filter>
    <Filter Include="Sources\Tools\ImGui">
      <UniqueIdentifier>{5407bd78-c34b-463f-b888-5bf7e547b8de}</UniqueIdentifier>
    </Filter>
    <Filter Include="Sources\Tools\MathGeoLib">
      <UniqueIdentifier>{8ed8f9be-2be3-4ea7-8391-173601d80d68}</UniqueIdentifier>
    </Filter>
    <Filter Include="Sources\Tools\MathGeoLib\Time">
      <UniqueIdentifier>{94dfebc8-6eb9-4118-9852-eadcfee49a05}</UniqueIdentifier>
    </Filter>
    <Filter Include="Sources\Tools\MathGeoLib\Geometry">
      <UniqueIdentifier>{a29e5318-1651-4817-9029-2ecefdf3addb}</UniqueIdentifier>
    </Filter>
    <Filter Include="Sources\Tools\MathGeoLib\Math">
      <UniqueIdentifier>{e6af45f8-4b06-46b2-89fc-30090703e9fc}</UniqueIdentifier>
    </Filter>
    <Filter Include="Sources\Tools\MathGeoLib\LCG">
      <UniqueIdentifier>{5998b737-d890-4058-bcc5-64223debc900}</UniqueIdentifier>
    </Filter>
    <Filter Include="Sources\Tools\Parson">
      <UniqueIdentifier>{9b8f586a-d4fd-4f33-afb7-211a7b62004b}</UniqueIdentifier>
    </Filter>
    <Filter Include="Sources\Tools\Glew">
      <UniqueIdentifier>{41bbdbf5-c63b-472b-9c52-c8f59814a63e}</UniqueIdentifier>
    </Filter>
    <Filter Include="Sources\ImGui Elements">
      <UniqueIdentifier>{08b5844a-11a7-4aa3-a193-59d8ad3febae}</UniqueIdentifier>
    </Filter>
    <Filter Include="Sources\Tools\Assimp">
      <UniqueIdentifier>{9c2b6b56-9387-442e-bcb0-ab19bef8871c}</UniqueIdentifier>
    </Filter>
    <Filter Include="Sources\Tools\DevIL">
      <UniqueIdentifier>{f40a3426-06bb-4cfe-9e60-fb96a28f4058}</UniqueIdentifier>
    </Filter>
    <Filter Include="Sources\GameObject">
      <UniqueIdentifier>{eb40ecb3-959e-4284-b1b5-571ce7b843cf}</UniqueIdentifier>
    </Filter>
    <Filter Include="Sources\GameObject\Components">
      <UniqueIdentifier>{5ce67b4b-1677-4181-8d03-fee0ccea0cd3}</UniqueIdentifier>
    </Filter>
    <Filter Include="Sources\Tools\ParShapes">
      <UniqueIdentifier>{9d23c3ae-2e0c-48a3-a8a6-756d792761d9}</UniqueIdentifier>
    </Filter>
    <Filter Include="Sources\Tools\ImGuizmos">
      <UniqueIdentifier>{2eca408a-c035-4fa7-abf3-ad186395b26e}</UniqueIdentifier>
    </Filter>
  </ItemGroup>
  <ItemGroup>
    <ClInclude Include="Module.h">
      <Filter>Sources\Modules</Filter>
    </ClInclude>
    <ClInclude Include="ModuleCamera3D.h">
      <Filter>Sources\Modules</Filter>
    </ClInclude>
    <ClInclude Include="ModuleInput.h">
      <Filter>Sources\Modules</Filter>
    </ClInclude>
    <ClInclude Include="ModuleRenderer3D.h">
      <Filter>Sources\Modules</Filter>
    </ClInclude>
    <ClInclude Include="ModuleWindow.h">
      <Filter>Sources\Modules</Filter>
    </ClInclude>
    <ClInclude Include="p2DynArray.h">
      <Filter>Sources\Containers</Filter>
    </ClInclude>
    <ClInclude Include="p2List.h">
      <Filter>Sources\Containers</Filter>
    </ClInclude>
    <ClInclude Include="p2Point.h">
      <Filter>Sources\Containers</Filter>
    </ClInclude>
    <ClInclude Include="glmath.h">
      <Filter>Sources\Containers</Filter>
    </ClInclude>
    <ClInclude Include="Application.h">
      <Filter>Sources</Filter>
    </ClInclude>
    <ClInclude Include="Globals.h">
      <Filter>Sources</Filter>
    </ClInclude>
    <ClInclude Include="Color.h">
      <Filter>Sources\Containers</Filter>
    </ClInclude>
    <ClInclude Include="Light.h">
      <Filter>Sources\Helpers</Filter>
    </ClInclude>
    <ClInclude Include="ImGui\imconfig.h">
      <Filter>Sources\Tools\ImGui</Filter>
    </ClInclude>
    <ClInclude Include="ImGui\imgui.h">
      <Filter>Sources\Tools\ImGui</Filter>
    </ClInclude>
    <ClInclude Include="ImGui\imgui_impl_opengl2.h">
      <Filter>Sources\Tools\ImGui</Filter>
    </ClInclude>
    <ClInclude Include="ImGui\imgui_impl_sdl.h">
      <Filter>Sources\Tools\ImGui</Filter>
    </ClInclude>
    <ClInclude Include="ImGui\imgui_internal.h">
      <Filter>Sources\Tools\ImGui</Filter>
    </ClInclude>
    <ClInclude Include="ImGui\imstb_rectpack.h">
      <Filter>Sources\Tools\ImGui</Filter>
    </ClInclude>
    <ClInclude Include="ImGui\imstb_textedit.h">
      <Filter>Sources\Tools\ImGui</Filter>
    </ClInclude>
    <ClInclude Include="ImGui\imstb_truetype.h">
      <Filter>Sources\Tools\ImGui</Filter>
    </ClInclude>
    <ClInclude Include="ModuleGui.h">
      <Filter>Sources\Modules</Filter>
    </ClInclude>
    <ClInclude Include="MathGeoLib\MathBuildConfig.h">
      <Filter>Sources\Tools\MathGeoLib</Filter>
    </ClInclude>
    <ClInclude Include="MathGeoLib\MathGeoLib.h">
      <Filter>Sources\Tools\MathGeoLib</Filter>
    </ClInclude>
    <ClInclude Include="MathGeoLib\MathGeoLibFwd.h">
      <Filter>Sources\Tools\MathGeoLib</Filter>
    </ClInclude>
    <ClInclude Include="MathGeoLib\Geometry\AABB.h">
      <Filter>Sources\Tools\MathGeoLib\Geometry</Filter>
    </ClInclude>
    <ClInclude Include="MathGeoLib\Geometry\AABB2D.h">
      <Filter>Sources\Tools\MathGeoLib\Geometry</Filter>
    </ClInclude>
    <ClInclude Include="MathGeoLib\Geometry\Capsule.h">
      <Filter>Sources\Tools\MathGeoLib\Geometry</Filter>
    </ClInclude>
    <ClInclude Include="MathGeoLib\Geometry\Circle.h">
      <Filter>Sources\Tools\MathGeoLib\Geometry</Filter>
    </ClInclude>
    <ClInclude Include="MathGeoLib\Geometry\Cone.h">
      <Filter>Sources\Tools\MathGeoLib\Geometry</Filter>
    </ClInclude>
    <ClInclude Include="MathGeoLib\Geometry\Cylinder.h">
      <Filter>Sources\Tools\MathGeoLib\Geometry</Filter>
    </ClInclude>
    <ClInclude Include="MathGeoLib\Geometry\Frustum.h">
      <Filter>Sources\Tools\MathGeoLib\Geometry</Filter>
    </ClInclude>
    <ClInclude Include="MathGeoLib\Geometry\GeometryAll.h">
      <Filter>Sources\Tools\MathGeoLib\Geometry</Filter>
    </ClInclude>
    <ClInclude Include="MathGeoLib\Geometry\GeomType.h">
      <Filter>Sources\Tools\MathGeoLib\Geometry</Filter>
    </ClInclude>
    <ClInclude Include="MathGeoLib\Geometry\HitInfo.h">
      <Filter>Sources\Tools\MathGeoLib\Geometry</Filter>
    </ClInclude>
    <ClInclude Include="MathGeoLib\Geometry\KDTree.h">
      <Filter>Sources\Tools\MathGeoLib\Geometry</Filter>
    </ClInclude>
    <ClInclude Include="MathGeoLib\Geometry\Line.h">
      <Filter>Sources\Tools\MathGeoLib\Geometry</Filter>
    </ClInclude>
    <ClInclude Include="MathGeoLib\Geometry\LineSegment.h">
      <Filter>Sources\Tools\MathGeoLib\Geometry</Filter>
    </ClInclude>
    <ClInclude Include="MathGeoLib\Geometry\OBB.h">
      <Filter>Sources\Tools\MathGeoLib\Geometry</Filter>
    </ClInclude>
    <ClInclude Include="MathGeoLib\Geometry\PBVolume.h">
      <Filter>Sources\Tools\MathGeoLib\Geometry</Filter>
    </ClInclude>
    <ClInclude Include="MathGeoLib\Geometry\Plane.h">
      <Filter>Sources\Tools\MathGeoLib\Geometry</Filter>
    </ClInclude>
    <ClInclude Include="MathGeoLib\Geometry\Polygon.h">
      <Filter>Sources\Tools\MathGeoLib\Geometry</Filter>
    </ClInclude>
    <ClInclude Include="MathGeoLib\Geometry\Polyhedron.h">
      <Filter>Sources\Tools\MathGeoLib\Geometry</Filter>
    </ClInclude>
    <ClInclude Include="MathGeoLib\Geometry\QuadTree.h">
      <Filter>Sources\Tools\MathGeoLib\Geometry</Filter>
    </ClInclude>
    <ClInclude Include="MathGeoLib\Geometry\Ray.h">
      <Filter>Sources\Tools\MathGeoLib\Geometry</Filter>
    </ClInclude>
    <ClInclude Include="MathGeoLib\Geometry\Sphere.h">
      <Filter>Sources\Tools\MathGeoLib\Geometry</Filter>
    </ClInclude>
    <ClInclude Include="MathGeoLib\Geometry\Triangle.h">
      <Filter>Sources\Tools\MathGeoLib\Geometry</Filter>
    </ClInclude>
    <ClInclude Include="MathGeoLib\Geometry\TriangleMesh.h">
      <Filter>Sources\Tools\MathGeoLib\Geometry</Filter>
    </ClInclude>
    <ClInclude Include="MathGeoLib\Math\assume.h">
      <Filter>Sources\Tools\MathGeoLib\Math</Filter>
    </ClInclude>
    <ClInclude Include="MathGeoLib\Math\BitOps.h">
      <Filter>Sources\Tools\MathGeoLib\Math</Filter>
    </ClInclude>
    <ClInclude Include="MathGeoLib\Math\btVector3.h">
      <Filter>Sources\Tools\MathGeoLib\Math</Filter>
    </ClInclude>
    <ClInclude Include="MathGeoLib\Math\Complex.h">
      <Filter>Sources\Tools\MathGeoLib\Math</Filter>
    </ClInclude>
    <ClInclude Include="MathGeoLib\Math\CoordinateAxisConvention.h">
      <Filter>Sources\Tools\MathGeoLib\Math</Filter>
    </ClInclude>
    <ClInclude Include="MathGeoLib\Math\FixedPoint.h">
      <Filter>Sources\Tools\MathGeoLib\Math</Filter>
    </ClInclude>
    <ClInclude Include="MathGeoLib\Math\float2.h">
      <Filter>Sources\Tools\MathGeoLib\Math</Filter>
    </ClInclude>
    <ClInclude Include="MathGeoLib\Math\float3.h">
      <Filter>Sources\Tools\MathGeoLib\Math</Filter>
    </ClInclude>
    <ClInclude Include="MathGeoLib\Math\float3x3.h">
      <Filter>Sources\Tools\MathGeoLib\Math</Filter>
    </ClInclude>
    <ClInclude Include="MathGeoLib\Math\float3x4.h">
      <Filter>Sources\Tools\MathGeoLib\Math</Filter>
    </ClInclude>
    <ClInclude Include="MathGeoLib\Math\float4.h">
      <Filter>Sources\Tools\MathGeoLib\Math</Filter>
    </ClInclude>
    <ClInclude Include="MathGeoLib\Math\float4_neon.h">
      <Filter>Sources\Tools\MathGeoLib\Math</Filter>
    </ClInclude>
    <ClInclude Include="MathGeoLib\Math\float4_sse.h">
      <Filter>Sources\Tools\MathGeoLib\Math</Filter>
    </ClInclude>
    <ClInclude Include="MathGeoLib\Math\float4x4.h">
      <Filter>Sources\Tools\MathGeoLib\Math</Filter>
    </ClInclude>
    <ClInclude Include="MathGeoLib\Math\float4x4_neon.h">
      <Filter>Sources\Tools\MathGeoLib\Math</Filter>
    </ClInclude>
    <ClInclude Include="MathGeoLib\Math\float4x4_sse.h">
      <Filter>Sources\Tools\MathGeoLib\Math</Filter>
    </ClInclude>
    <ClInclude Include="MathGeoLib\Math\FloatCmp.h">
      <Filter>Sources\Tools\MathGeoLib\Math</Filter>
    </ClInclude>
    <ClInclude Include="MathGeoLib\Math\MathAll.h">
      <Filter>Sources\Tools\MathGeoLib\Math</Filter>
    </ClInclude>
    <ClInclude Include="MathGeoLib\Math\MathConstants.h">
      <Filter>Sources\Tools\MathGeoLib\Math</Filter>
    </ClInclude>
    <ClInclude Include="MathGeoLib\Math\MathFunc.h">
      <Filter>Sources\Tools\MathGeoLib\Math</Filter>
    </ClInclude>
    <ClInclude Include="MathGeoLib\Math\MathLog.h">
      <Filter>Sources\Tools\MathGeoLib\Math</Filter>
    </ClInclude>
    <ClInclude Include="MathGeoLib\Math\MathNamespace.h">
      <Filter>Sources\Tools\MathGeoLib\Math</Filter>
    </ClInclude>
    <ClInclude Include="MathGeoLib\Math\MathTypes.h">
      <Filter>Sources\Tools\MathGeoLib\Math</Filter>
    </ClInclude>
    <ClInclude Include="MathGeoLib\Math\MatrixProxy.h">
      <Filter>Sources\Tools\MathGeoLib\Math</Filter>
    </ClInclude>
    <ClInclude Include="MathGeoLib\Math\myassert.h">
      <Filter>Sources\Tools\MathGeoLib\Math</Filter>
    </ClInclude>
    <ClInclude Include="MathGeoLib\Math\Polynomial.h">
      <Filter>Sources\Tools\MathGeoLib\Math</Filter>
    </ClInclude>
    <ClInclude Include="MathGeoLib\Math\Quat.h">
      <Filter>Sources\Tools\MathGeoLib\Math</Filter>
    </ClInclude>
    <ClInclude Include="MathGeoLib\Math\quat_simd.h">
      <Filter>Sources\Tools\MathGeoLib\Math</Filter>
    </ClInclude>
    <ClInclude Include="MathGeoLib\Math\Rect.h">
      <Filter>Sources\Tools\MathGeoLib\Math</Filter>
    </ClInclude>
    <ClInclude Include="MathGeoLib\Math\Reinterpret.h">
      <Filter>Sources\Tools\MathGeoLib\Math</Filter>
    </ClInclude>
    <ClInclude Include="MathGeoLib\Math\sse_mathfun.h">
      <Filter>Sources\Tools\MathGeoLib\Math</Filter>
    </ClInclude>
    <ClInclude Include="MathGeoLib\Math\SSEMath.h">
      <Filter>Sources\Tools\MathGeoLib\Math</Filter>
    </ClInclude>
    <ClInclude Include="MathGeoLib\Math\TransformOps.h">
      <Filter>Sources\Tools\MathGeoLib\Math</Filter>
    </ClInclude>
    <ClInclude Include="MathGeoLib\Time\Clock.h">
      <Filter>Sources\Tools\MathGeoLib\Time</Filter>
    </ClInclude>
    <ClInclude Include="MathGeoLib\Algorithm\LCG\LCG.h">
      <Filter>Sources\Tools\MathGeoLib\LCG</Filter>
    </ClInclude>
    <ClInclude Include="Parson\parson.h">
      <Filter>Sources\Tools\Parson</Filter>
    </ClInclude>
    <ClInclude Include="Glew\include\eglew.h">
      <Filter>Sources\Tools\Glew</Filter>
    </ClInclude>
    <ClInclude Include="Glew\include\glew.h">
      <Filter>Sources\Tools\Glew</Filter>
    </ClInclude>
    <ClInclude Include="Glew\include\glxew.h">
      <Filter>Sources\Tools\Glew</Filter>
    </ClInclude>
    <ClInclude Include="Glew\include\wglew.h">
      <Filter>Sources\Tools\Glew</Filter>
    </ClInclude>
    <ClInclude Include="GUI_Element.h">
      <Filter>Sources\ImGui Elements</Filter>
    </ClInclude>
    <ClInclude Include="GUI_Config.h">
      <Filter>Sources\ImGui Elements</Filter>
    </ClInclude>
    <ClInclude Include="ModuleScene.h">
      <Filter>Sources\Modules</Filter>
    </ClInclude>
    <ClInclude Include="GUI_Console.h">
      <Filter>Sources\ImGui Elements</Filter>
    </ClInclude>
    <ClInclude Include="GUI_Scene.h">
      <Filter>Sources\ImGui Elements</Filter>
    </ClInclude>
    <ClInclude Include="GUI_Hierarchy.h">
      <Filter>Sources\ImGui Elements</Filter>
    </ClInclude>
    <ClInclude Include="ModuleLoader.h">
      <Filter>Sources\Modules</Filter>
    </ClInclude>
    <ClInclude Include="Assimp\include\ai_assert.h">
      <Filter>Sources\Tools\Assimp</Filter>
    </ClInclude>
    <ClInclude Include="Assimp\include\anim.h">
      <Filter>Sources\Tools\Assimp</Filter>
    </ClInclude>
    <ClInclude Include="Assimp\include\camera.h">
      <Filter>Sources\Tools\Assimp</Filter>
    </ClInclude>
    <ClInclude Include="Assimp\include\cexport.h">
      <Filter>Sources\Tools\Assimp</Filter>
    </ClInclude>
    <ClInclude Include="Assimp\include\cfileio.h">
      <Filter>Sources\Tools\Assimp</Filter>
    </ClInclude>
    <ClInclude Include="Assimp\include\cimport.h">
      <Filter>Sources\Tools\Assimp</Filter>
    </ClInclude>
    <ClInclude Include="Assimp\include\color4.h">
      <Filter>Sources\Tools\Assimp</Filter>
    </ClInclude>
    <ClInclude Include="Assimp\include\config.h">
      <Filter>Sources\Tools\Assimp</Filter>
    </ClInclude>
    <ClInclude Include="Assimp\include\DefaultLogger.hpp">
      <Filter>Sources\Tools\Assimp</Filter>
    </ClInclude>
    <ClInclude Include="Assimp\include\defs.h">
      <Filter>Sources\Tools\Assimp</Filter>
    </ClInclude>
    <ClInclude Include="Assimp\include\Exporter.hpp">
      <Filter>Sources\Tools\Assimp</Filter>
    </ClInclude>
    <ClInclude Include="Assimp\include\Importer.hpp">
      <Filter>Sources\Tools\Assimp</Filter>
    </ClInclude>
    <ClInclude Include="Assimp\include\importerdesc.h">
      <Filter>Sources\Tools\Assimp</Filter>
    </ClInclude>
    <ClInclude Include="Assimp\include\IOStream.hpp">
      <Filter>Sources\Tools\Assimp</Filter>
    </ClInclude>
    <ClInclude Include="Assimp\include\IOSystem.hpp">
      <Filter>Sources\Tools\Assimp</Filter>
    </ClInclude>
    <ClInclude Include="Assimp\include\light.h">
      <Filter>Sources\Tools\Assimp</Filter>
    </ClInclude>
    <ClInclude Include="Assimp\include\Logger.hpp">
      <Filter>Sources\Tools\Assimp</Filter>
    </ClInclude>
    <ClInclude Include="Assimp\include\LogStream.hpp">
      <Filter>Sources\Tools\Assimp</Filter>
    </ClInclude>
    <ClInclude Include="Assimp\include\material.h">
      <Filter>Sources\Tools\Assimp</Filter>
    </ClInclude>
    <ClInclude Include="Assimp\include\matrix3x3.h">
      <Filter>Sources\Tools\Assimp</Filter>
    </ClInclude>
    <ClInclude Include="Assimp\include\matrix4x4.h">
      <Filter>Sources\Tools\Assimp</Filter>
    </ClInclude>
    <ClInclude Include="Assimp\include\mesh.h">
      <Filter>Sources\Tools\Assimp</Filter>
    </ClInclude>
    <ClInclude Include="Assimp\include\metadata.h">
      <Filter>Sources\Tools\Assimp</Filter>
    </ClInclude>
    <ClInclude Include="Assimp\include\NullLogger.hpp">
      <Filter>Sources\Tools\Assimp</Filter>
    </ClInclude>
    <ClInclude Include="Assimp\include\postprocess.h">
      <Filter>Sources\Tools\Assimp</Filter>
    </ClInclude>
    <ClInclude Include="Assimp\include\ProgressHandler.hpp">
      <Filter>Sources\Tools\Assimp</Filter>
    </ClInclude>
    <ClInclude Include="Assimp\include\quaternion.h">
      <Filter>Sources\Tools\Assimp</Filter>
    </ClInclude>
    <ClInclude Include="Assimp\include\scene.h">
      <Filter>Sources\Tools\Assimp</Filter>
    </ClInclude>
    <ClInclude Include="Assimp\include\texture.h">
      <Filter>Sources\Tools\Assimp</Filter>
    </ClInclude>
    <ClInclude Include="Assimp\include\types.h">
      <Filter>Sources\Tools\Assimp</Filter>
    </ClInclude>
    <ClInclude Include="Assimp\include\vector2.h">
      <Filter>Sources\Tools\Assimp</Filter>
    </ClInclude>
    <ClInclude Include="Assimp\include\vector3.h">
      <Filter>Sources\Tools\Assimp</Filter>
    </ClInclude>
    <ClInclude Include="Assimp\include\version.h">
      <Filter>Sources\Tools\Assimp</Filter>
    </ClInclude>
    <ClInclude Include="Devil\includes\devil_internal_exports.h">
      <Filter>Sources\Tools\DevIL</Filter>
    </ClInclude>
    <ClInclude Include="Devil\includes\il.h">
      <Filter>Sources\Tools\DevIL</Filter>
    </ClInclude>
    <ClInclude Include="Devil\includes\il_wrap.h">
      <Filter>Sources\Tools\DevIL</Filter>
    </ClInclude>
    <ClInclude Include="Devil\includes\ilu.h">
      <Filter>Sources\Tools\DevIL</Filter>
    </ClInclude>
    <ClInclude Include="Devil\includes\ilu_region.h">
      <Filter>Sources\Tools\DevIL</Filter>
    </ClInclude>
    <ClInclude Include="Devil\includes\ilut.h">
      <Filter>Sources\Tools\DevIL</Filter>
    </ClInclude>
    <ClInclude Include="Devil\includes\ilut_config.h">
      <Filter>Sources\Tools\DevIL</Filter>
    </ClInclude>
    <ClInclude Include="GUI_Inspector.h">
      <Filter>Sources\ImGui Elements</Filter>
    </ClInclude>
    <ClInclude Include="GameObject.h">
      <Filter>Sources\GameObject</Filter>
    </ClInclude>
    <ClInclude Include="Component.h">
      <Filter>Sources\GameObject\Components</Filter>
    </ClInclude>
    <ClInclude Include="ComponentMaterial.h">
      <Filter>Sources\GameObject\Components</Filter>
    </ClInclude>
    <ClInclude Include="ComponentMesh.h">
      <Filter>Sources\GameObject\Components</Filter>
    </ClInclude>
    <ClInclude Include="ComponentTransform.h">
      <Filter>Sources\GameObject\Components</Filter>
    </ClInclude>
    <ClInclude Include="ParShapes\par_shapes.h">
      <Filter>Sources\Tools\ParShapes</Filter>
    </ClInclude>
    <ClInclude Include="ModuleOwnFileSystem.h">
      <Filter>Sources\Modules</Filter>
    </ClInclude>
    <ClInclude Include="ImGuizmos\ImCurveEdit.h">
      <Filter>Sources\Tools\ImGuizmos</Filter>
    </ClInclude>
    <ClInclude Include="ImGuizmos\ImGradient.h">
      <Filter>Sources\Tools\ImGuizmos</Filter>
    </ClInclude>
    <ClInclude Include="ImGuizmos\ImGuizmo.h">
      <Filter>Sources\Tools\ImGuizmos</Filter>
    </ClInclude>
    <ClInclude Include="ImGuizmos\ImSequencer.h">
      <Filter>Sources\Tools\ImGuizmos</Filter>
    </ClInclude>
    <ClInclude Include="ComponentCamera.h">
      <Filter>Sources\GameObject\Components</Filter>
    </ClInclude>
    <ClInclude Include="Timer.h">
      <Filter>Sources\Helpers</Filter>
    </ClInclude>
    <ClInclude Include="ModuleTimer.h">
      <Filter>Sources\Modules</Filter>
    </ClInclude>
    <ClInclude Include="Quadtree.h" />
  </ItemGroup>
  <ItemGroup>
    <ClCompile Include="ModuleCamera3D.cpp">
      <Filter>Sources\Modules</Filter>
    </ClCompile>
    <ClCompile Include="ModuleInput.cpp">
      <Filter>Sources\Modules</Filter>
    </ClCompile>
    <ClCompile Include="ModuleRenderer3D.cpp">
      <Filter>Sources\Modules</Filter>
    </ClCompile>
    <ClCompile Include="ModuleWindow.cpp">
      <Filter>Sources\Modules</Filter>
    </ClCompile>
    <ClCompile Include="log.cpp">
      <Filter>Sources\Tools</Filter>
    </ClCompile>
    <ClCompile Include="Application.cpp">
      <Filter>Sources</Filter>
    </ClCompile>
    <ClCompile Include="Main.cpp">
      <Filter>Sources</Filter>
    </ClCompile>
    <ClCompile Include="glmath.cpp">
      <Filter>Sources\Containers</Filter>
    </ClCompile>
    <ClCompile Include="Color.cpp">
      <Filter>Sources\Containers</Filter>
    </ClCompile>
    <ClCompile Include="Light.cpp">
      <Filter>Sources\Helpers</Filter>
    </ClCompile>
    <ClCompile Include="ImGui\imgui.cpp">
      <Filter>Sources\Tools\ImGui</Filter>
    </ClCompile>
    <ClCompile Include="ImGui\imgui_demo.cpp">
      <Filter>Sources\Tools\ImGui</Filter>
    </ClCompile>
    <ClCompile Include="ImGui\imgui_draw.cpp">
      <Filter>Sources\Tools\ImGui</Filter>
    </ClCompile>
    <ClCompile Include="ImGui\imgui_impl_opengl2.cpp">
      <Filter>Sources\Tools\ImGui</Filter>
    </ClCompile>
    <ClCompile Include="ImGui\imgui_impl_sdl.cpp">
      <Filter>Sources\Tools\ImGui</Filter>
    </ClCompile>
    <ClCompile Include="ImGui\imgui_widgets.cpp">
      <Filter>Sources\Tools\ImGui</Filter>
    </ClCompile>
    <ClCompile Include="ModuleGui.cpp">
      <Filter>Sources\Modules</Filter>
    </ClCompile>
    <ClCompile Include="MathGeoLib\Geometry\AABB.cpp">
      <Filter>Sources\Tools\MathGeoLib\Geometry</Filter>
    </ClCompile>
    <ClCompile Include="MathGeoLib\Geometry\Capsule.cpp">
      <Filter>Sources\Tools\MathGeoLib\Geometry</Filter>
    </ClCompile>
    <ClCompile Include="MathGeoLib\Geometry\Circle.cpp">
      <Filter>Sources\Tools\MathGeoLib\Geometry</Filter>
    </ClCompile>
    <ClCompile Include="MathGeoLib\Geometry\Cone.cpp">
      <Filter>Sources\Tools\MathGeoLib\Geometry</Filter>
    </ClCompile>
    <ClCompile Include="MathGeoLib\Geometry\Cylinder.cpp">
      <Filter>Sources\Tools\MathGeoLib\Geometry</Filter>
    </ClCompile>
    <ClCompile Include="MathGeoLib\Geometry\Frustum.cpp">
      <Filter>Sources\Tools\MathGeoLib\Geometry</Filter>
    </ClCompile>
    <ClCompile Include="MathGeoLib\Geometry\Line.cpp">
      <Filter>Sources\Tools\MathGeoLib\Geometry</Filter>
    </ClCompile>
    <ClCompile Include="MathGeoLib\Geometry\LineSegment.cpp">
      <Filter>Sources\Tools\MathGeoLib\Geometry</Filter>
    </ClCompile>
    <ClCompile Include="MathGeoLib\Geometry\OBB.cpp">
      <Filter>Sources\Tools\MathGeoLib\Geometry</Filter>
    </ClCompile>
    <ClCompile Include="MathGeoLib\Geometry\Plane.cpp">
      <Filter>Sources\Tools\MathGeoLib\Geometry</Filter>
    </ClCompile>
    <ClCompile Include="MathGeoLib\Geometry\Polygon.cpp">
      <Filter>Sources\Tools\MathGeoLib\Geometry</Filter>
    </ClCompile>
    <ClCompile Include="MathGeoLib\Geometry\Polyhedron.cpp">
      <Filter>Sources\Tools\MathGeoLib\Geometry</Filter>
    </ClCompile>
    <ClCompile Include="MathGeoLib\Geometry\Ray.cpp">
      <Filter>Sources\Tools\MathGeoLib\Geometry</Filter>
    </ClCompile>
    <ClCompile Include="MathGeoLib\Geometry\Sphere.cpp">
      <Filter>Sources\Tools\MathGeoLib\Geometry</Filter>
    </ClCompile>
    <ClCompile Include="MathGeoLib\Geometry\Triangle.cpp">
      <Filter>Sources\Tools\MathGeoLib\Geometry</Filter>
    </ClCompile>
    <ClCompile Include="MathGeoLib\Geometry\TriangleMesh.cpp">
      <Filter>Sources\Tools\MathGeoLib\Geometry</Filter>
    </ClCompile>
    <ClCompile Include="MathGeoLib\Math\BitOps.cpp">
      <Filter>Sources\Tools\MathGeoLib\Math</Filter>
    </ClCompile>
    <ClCompile Include="MathGeoLib\Math\float2.cpp">
      <Filter>Sources\Tools\MathGeoLib\Math</Filter>
    </ClCompile>
    <ClCompile Include="MathGeoLib\Math\float3.cpp">
      <Filter>Sources\Tools\MathGeoLib\Math</Filter>
    </ClCompile>
    <ClCompile Include="MathGeoLib\Math\float3x3.cpp">
      <Filter>Sources\Tools\MathGeoLib\Math</Filter>
    </ClCompile>
    <ClCompile Include="MathGeoLib\Math\float3x4.cpp">
      <Filter>Sources\Tools\MathGeoLib\Math</Filter>
    </ClCompile>
    <ClCompile Include="MathGeoLib\Math\float4.cpp">
      <Filter>Sources\Tools\MathGeoLib\Math</Filter>
    </ClCompile>
    <ClCompile Include="MathGeoLib\Math\float4x4.cpp">
      <Filter>Sources\Tools\MathGeoLib\Math</Filter>
    </ClCompile>
    <ClCompile Include="MathGeoLib\Math\MathFunc.cpp">
      <Filter>Sources\Tools\MathGeoLib\Math</Filter>
    </ClCompile>
    <ClCompile Include="MathGeoLib\Math\MathLog.cpp">
      <Filter>Sources\Tools\MathGeoLib\Math</Filter>
    </ClCompile>
    <ClCompile Include="MathGeoLib\Math\MathOps.cpp">
      <Filter>Sources\Tools\MathGeoLib\Math</Filter>
    </ClCompile>
    <ClCompile Include="MathGeoLib\Math\Polynomial.cpp">
      <Filter>Sources\Tools\MathGeoLib\Math</Filter>
    </ClCompile>
    <ClCompile Include="MathGeoLib\Math\Quat.cpp">
      <Filter>Sources\Tools\MathGeoLib\Math</Filter>
    </ClCompile>
    <ClCompile Include="MathGeoLib\Math\SSEMath.cpp">
      <Filter>Sources\Tools\MathGeoLib\Math</Filter>
    </ClCompile>
    <ClCompile Include="MathGeoLib\Math\TransformOps.cpp">
      <Filter>Sources\Tools\MathGeoLib\Math</Filter>
    </ClCompile>
    <ClCompile Include="MathGeoLib\Time\Clock.cpp">
      <Filter>Sources\Tools\MathGeoLib\Time</Filter>
    </ClCompile>
    <ClCompile Include="MathGeoLib\Algorithm\LCG\LCG.cpp">
      <Filter>Sources\Tools\MathGeoLib\LCG</Filter>
    </ClCompile>
    <ClCompile Include="Parson\parson.c">
      <Filter>Sources\Tools\Parson</Filter>
    </ClCompile>
    <ClCompile Include="GUI_Config.cpp">
      <Filter>Sources\ImGui Elements</Filter>
    </ClCompile>
    <ClCompile Include="ModuleScene.cpp">
      <Filter>Sources\Modules</Filter>
    </ClCompile>
    <ClCompile Include="GUI_Console.cpp">
      <Filter>Sources\ImGui Elements</Filter>
    </ClCompile>
    <ClCompile Include="GUI_Scene.cpp">
      <Filter>Sources\ImGui Elements</Filter>
    </ClCompile>
    <ClCompile Include="GUI_Hierarchy.cpp">
      <Filter>Sources\ImGui Elements</Filter>
    </ClCompile>
    <ClCompile Include="ModuleLoader.cpp">
      <Filter>Sources\Modules</Filter>
    </ClCompile>
    <ClCompile Include="GUI_Inspector.cpp">
      <Filter>Sources\ImGui Elements</Filter>
    </ClCompile>
    <ClCompile Include="GameObject.cpp">
      <Filter>Sources\GameObject</Filter>
    </ClCompile>
    <ClCompile Include="Component.cpp">
      <Filter>Sources\GameObject\Components</Filter>
    </ClCompile>
    <ClCompile Include="ComponentMaterial.cpp">
      <Filter>Sources\GameObject\Components</Filter>
    </ClCompile>
    <ClCompile Include="ComponentMesh.cpp">
      <Filter>Sources\GameObject\Components</Filter>
    </ClCompile>
    <ClCompile Include="ComponentTransform.cpp">
      <Filter>Sources\GameObject\Components</Filter>
    </ClCompile>
    <ClCompile Include="ModuleOwnFileSystem.cpp">
      <Filter>Sources\Modules</Filter>
    </ClCompile>
    <ClCompile Include="ImGuizmos\ImCurveEdit.cpp">
      <Filter>Sources\Tools\ImGuizmos</Filter>
    </ClCompile>
    <ClCompile Include="ImGuizmos\ImGradient.cpp">
      <Filter>Sources\Tools\ImGuizmos</Filter>
    </ClCompile>
    <ClCompile Include="ImGuizmos\ImGuizmo.cpp">
      <Filter>Sources\Tools\ImGuizmos</Filter>
    </ClCompile>
    <ClCompile Include="ImGuizmos\ImSequencer.cpp">
      <Filter>Sources\Tools\ImGuizmos</Filter>
    </ClCompile>
    <ClCompile Include="ComponentCamera.cpp">
      <Filter>Sources\GameObject\Components</Filter>
    </ClCompile>
    <ClCompile Include="Timer.cpp">
      <Filter>Sources\Helpers</Filter>
    </ClCompile>
    <ClCompile Include="ModuleTimer.cpp">
      <Filter>Sources\Modules</Filter>
    </ClCompile>
    <ClCompile Include="Quadtree.cpp" />
  </ItemGroup>
  <ItemGroup>
    <None Include="MathGeoLib\Geometry\KDTree.inl">
      <Filter>Sources\Tools\MathGeoLib\Geometry</Filter>
    </None>
    <None Include="MathGeoLib\Geometry\QuadTree.inl">
      <Filter>Sources\Tools\MathGeoLib\Geometry</Filter>
    </None>
    <None Include="MathGeoLib\Geometry\TriangleMesh_IntersectRay_AVX.inl">
      <Filter>Sources\Tools\MathGeoLib\Geometry</Filter>
    </None>
    <None Include="MathGeoLib\Geometry\TriangleMesh_IntersectRay_CPP.inl">
      <Filter>Sources\Tools\MathGeoLib\Geometry</Filter>
    </None>
    <None Include="MathGeoLib\Geometry\TriangleMesh_IntersectRay_SSE.inl">
      <Filter>Sources\Tools\MathGeoLib\Geometry</Filter>
    </None>
    <None Include="MathGeoLib\Math\Matrix.inl">
      <Filter>Sources\Tools\MathGeoLib\Math</Filter>
    </None>
    <None Include="Assimp\include\color4.inl">
      <Filter>Sources\Tools\Assimp</Filter>
    </None>
    <None Include="Assimp\include\material.inl">
      <Filter>Sources\Tools\Assimp</Filter>
    </None>
    <None Include="Assimp\include\matrix3x3.inl">
      <Filter>Sources\Tools\Assimp</Filter>
    </None>
    <None Include="Assimp\include\matrix4x4.inl">
      <Filter>Sources\Tools\Assimp</Filter>
    </None>
    <None Include="Assimp\include\quaternion.inl">
      <Filter>Sources\Tools\Assimp</Filter>
    </None>
    <None Include="Assimp\include\vector2.inl">
      <Filter>Sources\Tools\Assimp</Filter>
    </None>
    <None Include="Assimp\include\vector3.inl">
      <Filter>Sources\Tools\Assimp</Filter>
    </None>
  </ItemGroup>
</Project>